// !$*UTF8*$!
{
	archiveVersion = 1;
	classes = {
	};
	objectVersion = 46;
	objects = {

/* Begin PBXBuildFile section */
		042793541DB55969000045E0 /* AppDelegate.swift in Sources */ = {isa = PBXBuildFile; fileRef = 042793531DB55969000045E0 /* AppDelegate.swift */; };
		0427935C1DB55969000045E0 /* GameViewController.swift in Sources */ = {isa = PBXBuildFile; fileRef = 0427935B1DB55969000045E0 /* GameViewController.swift */; };
		0427935F1DB55969000045E0 /* Main.storyboard in Resources */ = {isa = PBXBuildFile; fileRef = 0427935D1DB55969000045E0 /* Main.storyboard */; };
		042793641DB55969000045E0 /* LaunchScreen.storyboard in Resources */ = {isa = PBXBuildFile; fileRef = 042793621DB55969000045E0 /* LaunchScreen.storyboard */; };
		70464E532349D945003B0150 /* Assets.xcassets in Resources */ = {isa = PBXBuildFile; fileRef = 70464E522349D945003B0150 /* Assets.xcassets */; };
		70464E562349D9C2003B0150 /* About.swift in Sources */ = {isa = PBXBuildFile; fileRef = 70464E552349D9C2003B0150 /* About.swift */; };
		70464E582349D9D9003B0150 /* Game Scene.swift in Sources */ = {isa = PBXBuildFile; fileRef = 70464E572349D9D9003B0150 /* Game Scene.swift */; };
		70464E5A2349D9F2003B0150 /* Main Menu.swift in Sources */ = {isa = PBXBuildFile; fileRef = 70464E592349D9F2003B0150 /* Main Menu.swift */; };
		70464E5C2349DA06003B0150 /* Charectar.swift in Sources */ = {isa = PBXBuildFile; fileRef = 70464E5B2349DA06003B0150 /* Charectar.swift */; };
		70464E5E2349DA1E003B0150 /* High Score.swift in Sources */ = {isa = PBXBuildFile; fileRef = 70464E5D2349DA1E003B0150 /* High Score.swift */; };
		70464E602349DA35003B0150 /* Game Over.swift in Sources */ = {isa = PBXBuildFile; fileRef = 70464E5F2349DA35003B0150 /* Game Over.swift */; };
		70464E6A2349DA5E003B0150 /* Actions.sks in Resources */ = {isa = PBXBuildFile; fileRef = 70464E612349DA5E003B0150 /* Actions.sks */; };
		70464E6B2349DA5E003B0150 /* beep22.mp3 in Resources */ = {isa = PBXBuildFile; fileRef = 70464E622349DA5E003B0150 /* beep22.mp3 */; };
		70464E6C2349DA5E003B0150 /* Octopus.png in Resources */ = {isa = PBXBuildFile; fileRef = 70464E632349DA5E003B0150 /* Octopus.png */; };
		70464E6D2349DA5E003B0150 /* spark.png in Resources */ = {isa = PBXBuildFile; fileRef = 70464E642349DA5E003B0150 /* spark.png */; };
		70464E6E2349DA5E003B0150 /* StarField.sks in Resources */ = {isa = PBXBuildFile; fileRef = 70464E652349DA5E003B0150 /* StarField.sks */; };
		70464E6F2349DA5E003B0150 /* GameScene.sks in Resources */ = {isa = PBXBuildFile; fileRef = 70464E662349DA5E003B0150 /* GameScene.sks */; };
		70464E702349DA5E003B0150 /* MainPageBackGround.jpg in Resources */ = {isa = PBXBuildFile; fileRef = 70464E672349DA5E003B0150 /* MainPageBackGround.jpg */; };
		70464E712349DA5E003B0150 /* MyParticleExplotion.sks in Resources */ = {isa = PBXBuildFile; fileRef = 70464E682349DA5E003B0150 /* MyParticleExplotion.sks */; };
		70464E722349DA5E003B0150 /* MyParticleExplotion2.sks in Resources */ = {isa = PBXBuildFile; fileRef = 70464E692349DA5E003B0150 /* MyParticleExplotion2.sks */; };
		70464EDC2349DF41003B0150 /* uranus.png in Resources */ = {isa = PBXBuildFile; fileRef = 70464E752349DF41003B0150 /* uranus.png */; };
		70464EDD2349DF41003B0150 /* bullet.png in Resources */ = {isa = PBXBuildFile; fileRef = 70464E762349DF41003B0150 /* bullet.png */; };
		70464EDE2349DF41003B0150 /* mars (1).png in Resources */ = {isa = PBXBuildFile; fileRef = 70464E772349DF41003B0150 /* mars (1).png */; };
		70464EDF2349DF41003B0150 /* first-aid-kit.png in Resources */ = {isa = PBXBuildFile; fileRef = 70464E782349DF41003B0150 /* first-aid-kit.png */; };
		70464EE02349DF41003B0150 /* Teal.png in Resources */ = {isa = PBXBuildFile; fileRef = 70464E792349DF41003B0150 /* Teal.png */; };
		70464EE12349DF41003B0150 /* ufo (4).png in Resources */ = {isa = PBXBuildFile; fileRef = 70464E7A2349DF41003B0150 /* ufo (4).png */; };
		70464EE22349DF41003B0150 /* record.png in Resources */ = {isa = PBXBuildFile; fileRef = 70464E7B2349DF41003B0150 /* record.png */; };
		70464EE32349DF41003B0150 /* stop.png in Resources */ = {isa = PBXBuildFile; fileRef = 70464E7C2349DF41003B0150 /* stop.png */; };
		70464EE42349DF41003B0150 /* battery.png in Resources */ = {isa = PBXBuildFile; fileRef = 70464E7D2349DF41003B0150 /* battery.png */; };
		70464EE52349DF41003B0150 /* space-ship (2).png in Resources */ = {isa = PBXBuildFile; fileRef = 70464E7E2349DF41003B0150 /* space-ship (2).png */; };
		70464EE62349DF41003B0150 /* bullet (1).png in Resources */ = {isa = PBXBuildFile; fileRef = 70464E7F2349DF41003B0150 /* bullet (1).png */; };
		70464EE72349DF41003B0150 /* flash.png in Resources */ = {isa = PBXBuildFile; fileRef = 70464E802349DF41003B0150 /* flash.png */; };
		70464EE82349DF41003B0150 /* degres.png in Resources */ = {isa = PBXBuildFile; fileRef = 70464E812349DF41003B0150 /* degres.png */; };
		70464EE92349DF41003B0150 /* ufo (8).png in Resources */ = {isa = PBXBuildFile; fileRef = 70464E822349DF41003B0150 /* ufo (8).png */; };
		70464EEA2349DF41003B0150 /* satellite.png in Resources */ = {isa = PBXBuildFile; fileRef = 70464E832349DF41003B0150 /* satellite.png */; };
		70464EEB2349DF41003B0150 /* battery (1).png in Resources */ = {isa = PBXBuildFile; fileRef = 70464E842349DF41003B0150 /* battery (1).png */; };
		70464EEC2349DF41003B0150 /* ir.hamraah.app.hamraah.dars.amn10.jpg in Resources */ = {isa = PBXBuildFile; fileRef = 70464E852349DF41003B0150 /* ir.hamraah.app.hamraah.dars.amn10.jpg */; };
		70464EED2349DF41003B0150 /* lander.png in Resources */ = {isa = PBXBuildFile; fileRef = 70464E862349DF41003B0150 /* lander.png */; };
		70464EEE2349DF41003B0150 /* planet-earth (1).png in Resources */ = {isa = PBXBuildFile; fileRef = 70464E872349DF41003B0150 /* planet-earth (1).png */; };
		70464EEF2349DF41003B0150 /* gray.png in Resources */ = {isa = PBXBuildFile; fileRef = 70464E882349DF41003B0150 /* gray.png */; };
		70464EF02349DF41003B0150 /* ufo (9).png in Resources */ = {isa = PBXBuildFile; fileRef = 70464E892349DF41003B0150 /* ufo (9).png */; };
		70464EF12349DF41003B0150 /* IMG_2016-11-06 19:31:21.jpg in Resources */ = {isa = PBXBuildFile; fileRef = 70464E8A2349DF41003B0150 /* IMG_2016-11-06 19:31:21.jpg */; };
		70464EF22349DF41003B0150 /* planet.png in Resources */ = {isa = PBXBuildFile; fileRef = 70464E8B2349DF41003B0150 /* planet.png */; };
		70464EF32349DF41003B0150 /* Lime.png in Resources */ = {isa = PBXBuildFile; fileRef = 70464E8C2349DF41003B0150 /* Lime.png */; };
		70464EF42349DF41003B0150 /* minuss.png in Resources */ = {isa = PBXBuildFile; fileRef = 70464E8D2349DF41003B0150 /* minuss.png */; };
		70464EF52349DF41003B0150 /* record (1).png in Resources */ = {isa = PBXBuildFile; fileRef = 70464E8E2349DF41003B0150 /* record (1).png */; };
		70464EF62349DF41003B0150 /* ufo (5).png in Resources */ = {isa = PBXBuildFile; fileRef = 70464E8F2349DF41003B0150 /* ufo (5).png */; };
		70464EF72349DF41003B0150 /* mars.png in Resources */ = {isa = PBXBuildFile; fileRef = 70464E902349DF41003B0150 /* mars.png */; };
		70464EF82349DF41003B0150 /* jupiter.png in Resources */ = {isa = PBXBuildFile; fileRef = 70464E912349DF41003B0150 /* jupiter.png */; };
		70464EF92349DF41003B0150 /* ir.hamraah.app.hamraah.dars.amn0.jpg in Resources */ = {isa = PBXBuildFile; fileRef = 70464E922349DF41003B0150 /* ir.hamraah.app.hamraah.dars.amn0.jpg */; };
		70464EFA2349DF41003B0150 /* wheel.png in Resources */ = {isa = PBXBuildFile; fileRef = 70464E932349DF41003B0150 /* wheel.png */; };
		70464EFB2349DF41003B0150 /* energy.png in Resources */ = {isa = PBXBuildFile; fileRef = 70464E942349DF41003B0150 /* energy.png */; };
		70464EFC2349DF41003B0150 /* electricity (1).png in Resources */ = {isa = PBXBuildFile; fileRef = 70464E952349DF41003B0150 /* electricity (1).png */; };
		70464EFD2349DF41003B0150 /* christmas-present (1).png in Resources */ = {isa = PBXBuildFile; fileRef = 70464E962349DF41003B0150 /* christmas-present (1).png */; };
		70464EFE2349DF41003B0150 /* categoryicon.png in Resources */ = {isa = PBXBuildFile; fileRef = 70464E972349DF41003B0150 /* categoryicon.png */; };
		70464EFF2349DF41003B0150 /* rocket-ship.png in Resources */ = {isa = PBXBuildFile; fileRef = 70464E982349DF41003B0150 /* rocket-ship.png */; };
		70464F002349DF41003B0150 /* Blue.png in Resources */ = {isa = PBXBuildFile; fileRef = 70464E992349DF41003B0150 /* Blue.png */; };
		70464F012349DF41003B0150 /* Stop_button_play_pause_music.png in Resources */ = {isa = PBXBuildFile; fileRef = 70464E9A2349DF41003B0150 /* Stop_button_play_pause_music.png */; };
		70464F022349DF41003B0150 /* ufo (2).png in Resources */ = {isa = PBXBuildFile; fileRef = 70464E9B2349DF41003B0150 /* ufo (2).png */; };
		70464F032349DF41003B0150 /* rocket-ship (1).png in Resources */ = {isa = PBXBuildFile; fileRef = 70464E9C2349DF41003B0150 /* rocket-ship (1).png */; };
		70464F042349DF41003B0150 /* alien (2).png in Resources */ = {isa = PBXBuildFile; fileRef = 70464E9D2349DF41003B0150 /* alien (2).png */; };
		70464F052349DF41003B0150 /* ir.hamraah.app.hamraah.dars.amn2.jpg in Resources */ = {isa = PBXBuildFile; fileRef = 70464E9E2349DF41003B0150 /* ir.hamraah.app.hamraah.dars.amn2.jpg */; };
		70464F062349DF41003B0150 /* chart3.png in Resources */ = {isa = PBXBuildFile; fileRef = 70464E9F2349DF41003B0150 /* chart3.png */; };
		70464F072349DF41003B0150 /* ufo (3).png in Resources */ = {isa = PBXBuildFile; fileRef = 70464EA02349DF41003B0150 /* ufo (3).png */; };
		70464F082349DF41003B0150 /* home.png in Resources */ = {isa = PBXBuildFile; fileRef = 70464EA12349DF41003B0150 /* home.png */; };
		70464F092349DF41003B0150 /* diamond (2).png in Resources */ = {isa = PBXBuildFile; fileRef = 70464EA22349DF41003B0150 /* diamond (2).png */; };
		70464F0A2349DF41003B0150 /* pauseRec.png in Resources */ = {isa = PBXBuildFile; fileRef = 70464EA32349DF41003B0150 /* pauseRec.png */; };
		70464F0B2349DF41003B0150 /* bullets.png in Resources */ = {isa = PBXBuildFile; fileRef = 70464EA42349DF41003B0150 /* bullets.png */; };
		70464F0C2349DF41003B0150 /* ir.hamraah.app.hamraah.dars.amn7.jpg in Resources */ = {isa = PBXBuildFile; fileRef = 70464EA52349DF41003B0150 /* ir.hamraah.app.hamraah.dars.amn7.jpg */; };
		70464F0D2349DF41003B0150 /* ir.hamraah.app.hamraah.dars.amn5.jpg in Resources */ = {isa = PBXBuildFile; fileRef = 70464EA62349DF41003B0150 /* ir.hamraah.app.hamraah.dars.amn5.jpg */; };
		70464F0E2349DF41003B0150 /* engagement-ring (2).png in Resources */ = {isa = PBXBuildFile; fileRef = 70464EA72349DF41003B0150 /* engagement-ring (2).png */; };
		70464F0F2349DF41003B0150 /* Grape.png in Resources */ = {isa = PBXBuildFile; fileRef = 70464EA82349DF41003B0150 /* Grape.png */; };
		70464F102349DF41003B0150 /* loss.png in Resources */ = {isa = PBXBuildFile; fileRef = 70464EA92349DF41003B0150 /* loss.png */; };
		70464F112349DF41003B0150 /* audio512x512.png in Resources */ = {isa = PBXBuildFile; fileRef = 70464EAA2349DF41003B0150 /* audio512x512.png */; };
		70464F122349DF41003B0150 /* solar-system.png in Resources */ = {isa = PBXBuildFile; fileRef = 70464EAB2349DF41003B0150 /* solar-system.png */; };
		70464F132349DF41003B0150 /* chart1.png in Resources */ = {isa = PBXBuildFile; fileRef = 70464EAC2349DF41003B0150 /* chart1.png */; };
		70464F142349DF41003B0150 /* ir.hamraah.app.hamraah.dars.amn4.jpg in Resources */ = {isa = PBXBuildFile; fileRef = 70464EAD2349DF41003B0150 /* ir.hamraah.app.hamraah.dars.amn4.jpg */; };
		70464F152349DF41003B0150 /* engagement-ring (1).png in Resources */ = {isa = PBXBuildFile; fileRef = 70464EAE2349DF41003B0150 /* engagement-ring (1).png */; };
		70464F162349DF41003B0150 /* Record_button_play_stop_music.png in Resources */ = {isa = PBXBuildFile; fileRef = 70464EAF2349DF41003B0150 /* Record_button_play_stop_music.png */; };
		70464F172349DF41003B0150 /* Orange.png in Resources */ = {isa = PBXBuildFile; fileRef = 70464EB02349DF41003B0150 /* Orange.png */; };
		70464F182349DF41003B0150 /* moon.png in Resources */ = {isa = PBXBuildFile; fileRef = 70464EB12349DF41003B0150 /* moon.png */; };
		70464F192349DF41003B0150 /* IconCategory.png in Resources */ = {isa = PBXBuildFile; fileRef = 70464EB22349DF41003B0150 /* IconCategory.png */; };
		70464F1A2349DF41003B0150 /* plus (1).png in Resources */ = {isa = PBXBuildFile; fileRef = 70464EB32349DF41003B0150 /* plus (1).png */; };
		70464F1B2349DF41003B0150 /* comet.png in Resources */ = {isa = PBXBuildFile; fileRef = 70464EB42349DF41003B0150 /* comet.png */; };
		70464F1C2349DF41003B0150 /* diamond (1).png in Resources */ = {isa = PBXBuildFile; fileRef = 70464EB52349DF41003B0150 /* diamond (1).png */; };
		70464F1D2349DF41003B0150 /* Green.png in Resources */ = {isa = PBXBuildFile; fileRef = 70464EB62349DF41003B0150 /* Green.png */; };
		70464F1E2349DF41003B0150 /* bullet_red.png in Resources */ = {isa = PBXBuildFile; fileRef = 70464EB72349DF41003B0150 /* bullet_red.png */; };
		70464F1F2349DF41003B0150 /* planet-earth.png in Resources */ = {isa = PBXBuildFile; fileRef = 70464EB82349DF41003B0150 /* planet-earth.png */; };
		70464F202349DF41003B0150 /* error.png in Resources */ = {isa = PBXBuildFile; fileRef = 70464EB92349DF41003B0150 /* error.png */; };
		70464F212349DF41003B0150 /* shuffle.png in Resources */ = {isa = PBXBuildFile; fileRef = 70464EBA2349DF41003B0150 /* shuffle.png */; };
		70464F222349DF41003B0150 /* alien.png in Resources */ = {isa = PBXBuildFile; fileRef = 70464EBB2349DF41003B0150 /* alien.png */; };
		70464F232349DF41003B0150 /* pause.png in Resources */ = {isa = PBXBuildFile; fileRef = 70464EBC2349DF41003B0150 /* pause.png */; };
		70464F242349DF41003B0150 /* profits.png in Resources */ = {isa = PBXBuildFile; fileRef = 70464EBD2349DF41003B0150 /* profits.png */; };
		70464F252349DF41003B0150 /* ufo.png in Resources */ = {isa = PBXBuildFile; fileRef = 70464EBE2349DF41003B0150 /* ufo.png */; };
		70464F262349DF41003B0150 /* planet (1).png in Resources */ = {isa = PBXBuildFile; fileRef = 70464EBF2349DF41003B0150 /* planet (1).png */; };
		70464F272349DF41003B0150 /* alien (1).png in Resources */ = {isa = PBXBuildFile; fileRef = 70464EC02349DF41003B0150 /* alien (1).png */; };
		70464F282349DF41003B0150 /* ufo (1).png in Resources */ = {isa = PBXBuildFile; fileRef = 70464EC12349DF41003B0150 /* ufo (1).png */; };
		70464F292349DF41003B0150 /* christmas-present.png in Resources */ = {isa = PBXBuildFile; fileRef = 70464EC22349DF41003B0150 /* christmas-present.png */; };
		70464F2A2349DF41003B0150 /* space-ship.png in Resources */ = {isa = PBXBuildFile; fileRef = 70464EC32349DF41003B0150 /* space-ship.png */; };
		70464F2B2349DF41003B0150 /* electricity.png in Resources */ = {isa = PBXBuildFile; fileRef = 70464EC42349DF41003B0150 /* electricity.png */; };
		70464F2C2349DF41003B0150 /* diamond.png in Resources */ = {isa = PBXBuildFile; fileRef = 70464EC52349DF41003B0150 /* diamond.png */; };
		70464F2D2349DF41003B0150 /* IMG_2016-11-04 01:35:31.jpg in Resources */ = {isa = PBXBuildFile; fileRef = 70464EC62349DF41003B0150 /* IMG_2016-11-04 01:35:31.jpg */; };
		70464F2E2349DF41003B0150 /* ufo (6).png in Resources */ = {isa = PBXBuildFile; fileRef = 70464EC72349DF41003B0150 /* ufo (6).png */; };
		70464F2F2349DF41003B0150 /* meteor.png in Resources */ = {isa = PBXBuildFile; fileRef = 70464EC82349DF41003B0150 /* meteor.png */; };
		70464F302349DF41003B0150 /* crane.png in Resources */ = {isa = PBXBuildFile; fileRef = 70464EC92349DF41003B0150 /* crane.png */; };
		70464F312349DF41003B0150 /* planet-earth (2).png in Resources */ = {isa = PBXBuildFile; fileRef = 70464ECA2349DF41003B0150 /* planet-earth (2).png */; };
		70464F322349DF41003B0150 /* jupiter (1).png in Resources */ = {isa = PBXBuildFile; fileRef = 70464ECB2349DF41003B0150 /* jupiter (1).png */; };
		70464F332349DF41003B0150 /* rec.png in Resources */ = {isa = PBXBuildFile; fileRef = 70464ECC2349DF41003B0150 /* rec.png */; };
		70464F342349DF41003B0150 /* lander copy.png in Resources */ = {isa = PBXBuildFile; fileRef = 70464ECD2349DF41003B0150 /* lander copy.png */; };
		70464F352349DF41003B0150 /* stop (1).png in Resources */ = {isa = PBXBuildFile; fileRef = 70464ECE2349DF41003B0150 /* stop (1).png */; };
		70464F362349DF41003B0150 /* engagement-ring.png in Resources */ = {isa = PBXBuildFile; fileRef = 70464ECF2349DF41003B0150 /* engagement-ring.png */; };
		70464F372349DF41003B0150 /* real-pixel2.png in Resources */ = {isa = PBXBuildFile; fileRef = 70464ED02349DF41003B0150 /* real-pixel2.png */; };
		70464F382349DF41003B0150 /* coin.png in Resources */ = {isa = PBXBuildFile; fileRef = 70464ED12349DF41003B0150 /* coin.png */; };
		70464F392349DF41003B0150 /* space-ship (1).png in Resources */ = {isa = PBXBuildFile; fileRef = 70464ED22349DF41003B0150 /* space-ship (1).png */; };
		70464F3A2349DF41003B0150 /* saturn.png in Resources */ = {isa = PBXBuildFile; fileRef = 70464ED32349DF41003B0150 /* saturn.png */; };
		70464F3B2349DF41003B0150 /* bullet (2).png in Resources */ = {isa = PBXBuildFile; fileRef = 70464ED42349DF41003B0150 /* bullet (2).png */; };
		70464F3C2349DF41003B0150 /* play-button.png in Resources */ = {isa = PBXBuildFile; fileRef = 70464ED52349DF41003B0150 /* play-button.png */; };
		70464F3D2349DF41003B0150 /* coin (1).png in Resources */ = {isa = PBXBuildFile; fileRef = 70464ED62349DF41003B0150 /* coin (1).png */; };
		70464F3E2349DF41003B0150 /* save.png in Resources */ = {isa = PBXBuildFile; fileRef = 70464ED72349DF41003B0150 /* save.png */; };
		70464F3F2349DF41003B0150 /* Red.png in Resources */ = {isa = PBXBuildFile; fileRef = 70464ED82349DF41003B0150 /* Red.png */; };
		70464F402349DF41003B0150 /* Purple.png in Resources */ = {isa = PBXBuildFile; fileRef = 70464ED92349DF41003B0150 /* Purple.png */; };
		70464F412349DF41003B0150 /* ufo (7).png in Resources */ = {isa = PBXBuildFile; fileRef = 70464EDA2349DF41003B0150 /* ufo (7).png */; };
		70464F422349DF41003B0150 /* space-shuttle.png in Resources */ = {isa = PBXBuildFile; fileRef = 70464EDB2349DF41003B0150 /* space-shuttle.png */; };
/* End PBXBuildFile section */

/* Begin PBXFileReference section */
		042793501DB55969000045E0 /* Space Shooter.app */ = {isa = PBXFileReference; explicitFileType = wrapper.application; includeInIndex = 0; path = "Space Shooter.app"; sourceTree = BUILT_PRODUCTS_DIR; };
		042793531DB55969000045E0 /* AppDelegate.swift */ = {isa = PBXFileReference; lastKnownFileType = sourcecode.swift; path = AppDelegate.swift; sourceTree = "<group>"; };
		0427935B1DB55969000045E0 /* GameViewController.swift */ = {isa = PBXFileReference; lastKnownFileType = sourcecode.swift; path = GameViewController.swift; sourceTree = "<group>"; };
		0427935E1DB55969000045E0 /* Base */ = {isa = PBXFileReference; lastKnownFileType = file.storyboard; name = Base; path = Base.lproj/Main.storyboard; sourceTree = "<group>"; };
		042793631DB55969000045E0 /* Base */ = {isa = PBXFileReference; lastKnownFileType = file.storyboard; name = Base; path = Base.lproj/LaunchScreen.storyboard; sourceTree = "<group>"; };
		042793651DB55969000045E0 /* Info.plist */ = {isa = PBXFileReference; lastKnownFileType = text.plist.xml; path = Info.plist; sourceTree = "<group>"; };
		70464E522349D945003B0150 /* Assets.xcassets */ = {isa = PBXFileReference; lastKnownFileType = folder.assetcatalog; name = Assets.xcassets; path = "../../Space Shooter File/Space Shooter/Assets.xcassets"; sourceTree = "<group>"; };
		70464E552349D9C2003B0150 /* About.swift */ = {isa = PBXFileReference; lastKnownFileType = sourcecode.swift; path = About.swift; sourceTree = "<group>"; };
		70464E572349D9D9003B0150 /* Game Scene.swift */ = {isa = PBXFileReference; lastKnownFileType = sourcecode.swift; path = "Game Scene.swift"; sourceTree = "<group>"; };
		70464E592349D9F2003B0150 /* Main Menu.swift */ = {isa = PBXFileReference; lastKnownFileType = sourcecode.swift; path = "Main Menu.swift"; sourceTree = "<group>"; };
		70464E5B2349DA06003B0150 /* Charectar.swift */ = {isa = PBXFileReference; lastKnownFileType = sourcecode.swift; path = Charectar.swift; sourceTree = "<group>"; };
		70464E5D2349DA1E003B0150 /* High Score.swift */ = {isa = PBXFileReference; lastKnownFileType = sourcecode.swift; path = "High Score.swift"; sourceTree = "<group>"; };
		70464E5F2349DA35003B0150 /* Game Over.swift */ = {isa = PBXFileReference; lastKnownFileType = sourcecode.swift; path = "Game Over.swift"; sourceTree = "<group>"; };
		70464E612349DA5E003B0150 /* Actions.sks */ = {isa = PBXFileReference; lastKnownFileType = file.sks; path = Actions.sks; sourceTree = "<group>"; };
		70464E622349DA5E003B0150 /* beep22.mp3 */ = {isa = PBXFileReference; lastKnownFileType = audio.mp3; path = beep22.mp3; sourceTree = "<group>"; };
		70464E632349DA5E003B0150 /* Octopus.png */ = {isa = PBXFileReference; lastKnownFileType = image.png; path = Octopus.png; sourceTree = "<group>"; };
		70464E642349DA5E003B0150 /* spark.png */ = {isa = PBXFileReference; lastKnownFileType = image.png; path = spark.png; sourceTree = "<group>"; };
		70464E652349DA5E003B0150 /* StarField.sks */ = {isa = PBXFileReference; lastKnownFileType = file.sks; path = StarField.sks; sourceTree = "<group>"; };
		70464E662349DA5E003B0150 /* GameScene.sks */ = {isa = PBXFileReference; lastKnownFileType = file.sks; path = GameScene.sks; sourceTree = "<group>"; };
		70464E672349DA5E003B0150 /* MainPageBackGround.jpg */ = {isa = PBXFileReference; lastKnownFileType = image.jpeg; path = MainPageBackGround.jpg; sourceTree = "<group>"; };
		70464E682349DA5E003B0150 /* MyParticleExplotion.sks */ = {isa = PBXFileReference; lastKnownFileType = file.sks; path = MyParticleExplotion.sks; sourceTree = "<group>"; };
		70464E692349DA5E003B0150 /* MyParticleExplotion2.sks */ = {isa = PBXFileReference; lastKnownFileType = file.sks; path = MyParticleExplotion2.sks; sourceTree = "<group>"; };
		70464E752349DF41003B0150 /* uranus.png */ = {isa = PBXFileReference; lastKnownFileType = image.png; path = uranus.png; sourceTree = "<group>"; };
		70464E762349DF41003B0150 /* bullet.png */ = {isa = PBXFileReference; lastKnownFileType = image.png; path = bullet.png; sourceTree = "<group>"; };
		70464E772349DF41003B0150 /* mars (1).png */ = {isa = PBXFileReference; lastKnownFileType = image.png; path = "mars (1).png"; sourceTree = "<group>"; };
		70464E782349DF41003B0150 /* first-aid-kit.png */ = {isa = PBXFileReference; lastKnownFileType = image.png; path = "first-aid-kit.png"; sourceTree = "<group>"; };
		70464E792349DF41003B0150 /* Teal.png */ = {isa = PBXFileReference; lastKnownFileType = image.png; path = Teal.png; sourceTree = "<group>"; };
		70464E7A2349DF41003B0150 /* ufo (4).png */ = {isa = PBXFileReference; lastKnownFileType = image.png; path = "ufo (4).png"; sourceTree = "<group>"; };
		70464E7B2349DF41003B0150 /* record.png */ = {isa = PBXFileReference; lastKnownFileType = image.png; path = record.png; sourceTree = "<group>"; };
		70464E7C2349DF41003B0150 /* stop.png */ = {isa = PBXFileReference; lastKnownFileType = image.png; path = stop.png; sourceTree = "<group>"; };
		70464E7D2349DF41003B0150 /* battery.png */ = {isa = PBXFileReference; lastKnownFileType = image.png; path = battery.png; sourceTree = "<group>"; };
		70464E7E2349DF41003B0150 /* space-ship (2).png */ = {isa = PBXFileReference; lastKnownFileType = image.png; path = "space-ship (2).png"; sourceTree = "<group>"; };
		70464E7F2349DF41003B0150 /* bullet (1).png */ = {isa = PBXFileReference; lastKnownFileType = image.png; path = "bullet (1).png"; sourceTree = "<group>"; };
		70464E802349DF41003B0150 /* flash.png */ = {isa = PBXFileReference; lastKnownFileType = image.png; path = flash.png; sourceTree = "<group>"; };
		70464E812349DF41003B0150 /* degres.png */ = {isa = PBXFileReference; lastKnownFileType = image.png; path = degres.png; sourceTree = "<group>"; };
		70464E822349DF41003B0150 /* ufo (8).png */ = {isa = PBXFileReference; lastKnownFileType = image.png; path = "ufo (8).png"; sourceTree = "<group>"; };
		70464E832349DF41003B0150 /* satellite.png */ = {isa = PBXFileReference; lastKnownFileType = image.png; path = satellite.png; sourceTree = "<group>"; };
		70464E842349DF41003B0150 /* battery (1).png */ = {isa = PBXFileReference; lastKnownFileType = image.png; path = "battery (1).png"; sourceTree = "<group>"; };
		70464E852349DF41003B0150 /* ir.hamraah.app.hamraah.dars.amn10.jpg */ = {isa = PBXFileReference; lastKnownFileType = image.jpeg; path = ir.hamraah.app.hamraah.dars.amn10.jpg; sourceTree = "<group>"; };
		70464E862349DF41003B0150 /* lander.png */ = {isa = PBXFileReference; lastKnownFileType = image.png; path = lander.png; sourceTree = "<group>"; };
		70464E872349DF41003B0150 /* planet-earth (1).png */ = {isa = PBXFileReference; lastKnownFileType = image.png; path = "planet-earth (1).png"; sourceTree = "<group>"; };
		70464E882349DF41003B0150 /* gray.png */ = {isa = PBXFileReference; lastKnownFileType = image.png; path = gray.png; sourceTree = "<group>"; };
		70464E892349DF41003B0150 /* ufo (9).png */ = {isa = PBXFileReference; lastKnownFileType = image.png; path = "ufo (9).png"; sourceTree = "<group>"; };
		70464E8A2349DF41003B0150 /* IMG_2016-11-06 19:31:21.jpg */ = {isa = PBXFileReference; lastKnownFileType = image.jpeg; path = "IMG_2016-11-06 19:31:21.jpg"; sourceTree = "<group>"; };
		70464E8B2349DF41003B0150 /* planet.png */ = {isa = PBXFileReference; lastKnownFileType = image.png; path = planet.png; sourceTree = "<group>"; };
		70464E8C2349DF41003B0150 /* Lime.png */ = {isa = PBXFileReference; lastKnownFileType = image.png; path = Lime.png; sourceTree = "<group>"; };
		70464E8D2349DF41003B0150 /* minuss.png */ = {isa = PBXFileReference; lastKnownFileType = image.png; path = minuss.png; sourceTree = "<group>"; };
		70464E8E2349DF41003B0150 /* record (1).png */ = {isa = PBXFileReference; lastKnownFileType = image.png; path = "record (1).png"; sourceTree = "<group>"; };
		70464E8F2349DF41003B0150 /* ufo (5).png */ = {isa = PBXFileReference; lastKnownFileType = image.png; path = "ufo (5).png"; sourceTree = "<group>"; };
		70464E902349DF41003B0150 /* mars.png */ = {isa = PBXFileReference; lastKnownFileType = image.png; path = mars.png; sourceTree = "<group>"; };
		70464E912349DF41003B0150 /* jupiter.png */ = {isa = PBXFileReference; lastKnownFileType = image.png; path = jupiter.png; sourceTree = "<group>"; };
		70464E922349DF41003B0150 /* ir.hamraah.app.hamraah.dars.amn0.jpg */ = {isa = PBXFileReference; lastKnownFileType = image.jpeg; path = ir.hamraah.app.hamraah.dars.amn0.jpg; sourceTree = "<group>"; };
		70464E932349DF41003B0150 /* wheel.png */ = {isa = PBXFileReference; lastKnownFileType = image.png; path = wheel.png; sourceTree = "<group>"; };
		70464E942349DF41003B0150 /* energy.png */ = {isa = PBXFileReference; lastKnownFileType = image.png; path = energy.png; sourceTree = "<group>"; };
		70464E952349DF41003B0150 /* electricity (1).png */ = {isa = PBXFileReference; lastKnownFileType = image.png; path = "electricity (1).png"; sourceTree = "<group>"; };
		70464E962349DF41003B0150 /* christmas-present (1).png */ = {isa = PBXFileReference; lastKnownFileType = image.png; path = "christmas-present (1).png"; sourceTree = "<group>"; };
		70464E972349DF41003B0150 /* categoryicon.png */ = {isa = PBXFileReference; lastKnownFileType = image.png; path = categoryicon.png; sourceTree = "<group>"; };
		70464E982349DF41003B0150 /* rocket-ship.png */ = {isa = PBXFileReference; lastKnownFileType = image.png; path = "rocket-ship.png"; sourceTree = "<group>"; };
		70464E992349DF41003B0150 /* Blue.png */ = {isa = PBXFileReference; lastKnownFileType = image.png; path = Blue.png; sourceTree = "<group>"; };
		70464E9A2349DF41003B0150 /* Stop_button_play_pause_music.png */ = {isa = PBXFileReference; lastKnownFileType = image.png; path = Stop_button_play_pause_music.png; sourceTree = "<group>"; };
		70464E9B2349DF41003B0150 /* ufo (2).png */ = {isa = PBXFileReference; lastKnownFileType = image.png; path = "ufo (2).png"; sourceTree = "<group>"; };
		70464E9C2349DF41003B0150 /* rocket-ship (1).png */ = {isa = PBXFileReference; lastKnownFileType = image.png; path = "rocket-ship (1).png"; sourceTree = "<group>"; };
		70464E9D2349DF41003B0150 /* alien (2).png */ = {isa = PBXFileReference; lastKnownFileType = image.png; path = "alien (2).png"; sourceTree = "<group>"; };
		70464E9E2349DF41003B0150 /* ir.hamraah.app.hamraah.dars.amn2.jpg */ = {isa = PBXFileReference; lastKnownFileType = image.jpeg; path = ir.hamraah.app.hamraah.dars.amn2.jpg; sourceTree = "<group>"; };
		70464E9F2349DF41003B0150 /* chart3.png */ = {isa = PBXFileReference; lastKnownFileType = image.png; path = chart3.png; sourceTree = "<group>"; };
		70464EA02349DF41003B0150 /* ufo (3).png */ = {isa = PBXFileReference; lastKnownFileType = image.png; path = "ufo (3).png"; sourceTree = "<group>"; };
		70464EA12349DF41003B0150 /* home.png */ = {isa = PBXFileReference; lastKnownFileType = image.png; path = home.png; sourceTree = "<group>"; };
		70464EA22349DF41003B0150 /* diamond (2).png */ = {isa = PBXFileReference; lastKnownFileType = image.png; path = "diamond (2).png"; sourceTree = "<group>"; };
		70464EA32349DF41003B0150 /* pauseRec.png */ = {isa = PBXFileReference; lastKnownFileType = image.png; path = pauseRec.png; sourceTree = "<group>"; };
		70464EA42349DF41003B0150 /* bullets.png */ = {isa = PBXFileReference; lastKnownFileType = image.png; path = bullets.png; sourceTree = "<group>"; };
		70464EA52349DF41003B0150 /* ir.hamraah.app.hamraah.dars.amn7.jpg */ = {isa = PBXFileReference; lastKnownFileType = image.jpeg; path = ir.hamraah.app.hamraah.dars.amn7.jpg; sourceTree = "<group>"; };
		70464EA62349DF41003B0150 /* ir.hamraah.app.hamraah.dars.amn5.jpg */ = {isa = PBXFileReference; lastKnownFileType = image.jpeg; path = ir.hamraah.app.hamraah.dars.amn5.jpg; sourceTree = "<group>"; };
		70464EA72349DF41003B0150 /* engagement-ring (2).png */ = {isa = PBXFileReference; lastKnownFileType = image.png; path = "engagement-ring (2).png"; sourceTree = "<group>"; };
		70464EA82349DF41003B0150 /* Grape.png */ = {isa = PBXFileReference; lastKnownFileType = image.png; path = Grape.png; sourceTree = "<group>"; };
		70464EA92349DF41003B0150 /* loss.png */ = {isa = PBXFileReference; lastKnownFileType = image.png; path = loss.png; sourceTree = "<group>"; };
		70464EAA2349DF41003B0150 /* audio512x512.png */ = {isa = PBXFileReference; lastKnownFileType = image.png; path = audio512x512.png; sourceTree = "<group>"; };
		70464EAB2349DF41003B0150 /* solar-system.png */ = {isa = PBXFileReference; lastKnownFileType = image.png; path = "solar-system.png"; sourceTree = "<group>"; };
		70464EAC2349DF41003B0150 /* chart1.png */ = {isa = PBXFileReference; lastKnownFileType = image.png; path = chart1.png; sourceTree = "<group>"; };
		70464EAD2349DF41003B0150 /* ir.hamraah.app.hamraah.dars.amn4.jpg */ = {isa = PBXFileReference; lastKnownFileType = image.jpeg; path = ir.hamraah.app.hamraah.dars.amn4.jpg; sourceTree = "<group>"; };
		70464EAE2349DF41003B0150 /* engagement-ring (1).png */ = {isa = PBXFileReference; lastKnownFileType = image.png; path = "engagement-ring (1).png"; sourceTree = "<group>"; };
		70464EAF2349DF41003B0150 /* Record_button_play_stop_music.png */ = {isa = PBXFileReference; lastKnownFileType = image.png; path = Record_button_play_stop_music.png; sourceTree = "<group>"; };
		70464EB02349DF41003B0150 /* Orange.png */ = {isa = PBXFileReference; lastKnownFileType = image.png; path = Orange.png; sourceTree = "<group>"; };
		70464EB12349DF41003B0150 /* moon.png */ = {isa = PBXFileReference; lastKnownFileType = image.png; path = moon.png; sourceTree = "<group>"; };
		70464EB22349DF41003B0150 /* IconCategory.png */ = {isa = PBXFileReference; lastKnownFileType = image.png; path = IconCategory.png; sourceTree = "<group>"; };
		70464EB32349DF41003B0150 /* plus (1).png */ = {isa = PBXFileReference; lastKnownFileType = image.png; path = "plus (1).png"; sourceTree = "<group>"; };
		70464EB42349DF41003B0150 /* comet.png */ = {isa = PBXFileReference; lastKnownFileType = image.png; path = comet.png; sourceTree = "<group>"; };
		70464EB52349DF41003B0150 /* diamond (1).png */ = {isa = PBXFileReference; lastKnownFileType = image.png; path = "diamond (1).png"; sourceTree = "<group>"; };
		70464EB62349DF41003B0150 /* Green.png */ = {isa = PBXFileReference; lastKnownFileType = image.png; path = Green.png; sourceTree = "<group>"; };
		70464EB72349DF41003B0150 /* bullet_red.png */ = {isa = PBXFileReference; lastKnownFileType = image.png; path = bullet_red.png; sourceTree = "<group>"; };
		70464EB82349DF41003B0150 /* planet-earth.png */ = {isa = PBXFileReference; lastKnownFileType = image.png; path = "planet-earth.png"; sourceTree = "<group>"; };
		70464EB92349DF41003B0150 /* error.png */ = {isa = PBXFileReference; lastKnownFileType = image.png; path = error.png; sourceTree = "<group>"; };
		70464EBA2349DF41003B0150 /* shuffle.png */ = {isa = PBXFileReference; lastKnownFileType = image.png; path = shuffle.png; sourceTree = "<group>"; };
		70464EBB2349DF41003B0150 /* alien.png */ = {isa = PBXFileReference; lastKnownFileType = image.png; path = alien.png; sourceTree = "<group>"; };
		70464EBC2349DF41003B0150 /* pause.png */ = {isa = PBXFileReference; lastKnownFileType = image.png; path = pause.png; sourceTree = "<group>"; };
		70464EBD2349DF41003B0150 /* profits.png */ = {isa = PBXFileReference; lastKnownFileType = image.png; path = profits.png; sourceTree = "<group>"; };
		70464EBE2349DF41003B0150 /* ufo.png */ = {isa = PBXFileReference; lastKnownFileType = image.png; path = ufo.png; sourceTree = "<group>"; };
		70464EBF2349DF41003B0150 /* planet (1).png */ = {isa = PBXFileReference; lastKnownFileType = image.png; path = "planet (1).png"; sourceTree = "<group>"; };
		70464EC02349DF41003B0150 /* alien (1).png */ = {isa = PBXFileReference; lastKnownFileType = image.png; path = "alien (1).png"; sourceTree = "<group>"; };
		70464EC12349DF41003B0150 /* ufo (1).png */ = {isa = PBXFileReference; lastKnownFileType = image.png; path = "ufo (1).png"; sourceTree = "<group>"; };
		70464EC22349DF41003B0150 /* christmas-present.png */ = {isa = PBXFileReference; lastKnownFileType = image.png; path = "christmas-present.png"; sourceTree = "<group>"; };
		70464EC32349DF41003B0150 /* space-ship.png */ = {isa = PBXFileReference; lastKnownFileType = image.png; path = "space-ship.png"; sourceTree = "<group>"; };
		70464EC42349DF41003B0150 /* electricity.png */ = {isa = PBXFileReference; lastKnownFileType = image.png; path = electricity.png; sourceTree = "<group>"; };
		70464EC52349DF41003B0150 /* diamond.png */ = {isa = PBXFileReference; lastKnownFileType = image.png; path = diamond.png; sourceTree = "<group>"; };
		70464EC62349DF41003B0150 /* IMG_2016-11-04 01:35:31.jpg */ = {isa = PBXFileReference; lastKnownFileType = image.jpeg; path = "IMG_2016-11-04 01:35:31.jpg"; sourceTree = "<group>"; };
		70464EC72349DF41003B0150 /* ufo (6).png */ = {isa = PBXFileReference; lastKnownFileType = image.png; path = "ufo (6).png"; sourceTree = "<group>"; };
		70464EC82349DF41003B0150 /* meteor.png */ = {isa = PBXFileReference; lastKnownFileType = image.png; path = meteor.png; sourceTree = "<group>"; };
		70464EC92349DF41003B0150 /* crane.png */ = {isa = PBXFileReference; lastKnownFileType = image.png; path = crane.png; sourceTree = "<group>"; };
		70464ECA2349DF41003B0150 /* planet-earth (2).png */ = {isa = PBXFileReference; lastKnownFileType = image.png; path = "planet-earth (2).png"; sourceTree = "<group>"; };
		70464ECB2349DF41003B0150 /* jupiter (1).png */ = {isa = PBXFileReference; lastKnownFileType = image.png; path = "jupiter (1).png"; sourceTree = "<group>"; };
		70464ECC2349DF41003B0150 /* rec.png */ = {isa = PBXFileReference; lastKnownFileType = image.png; path = rec.png; sourceTree = "<group>"; };
		70464ECD2349DF41003B0150 /* lander copy.png */ = {isa = PBXFileReference; lastKnownFileType = image.png; path = "lander copy.png"; sourceTree = "<group>"; };
		70464ECE2349DF41003B0150 /* stop (1).png */ = {isa = PBXFileReference; lastKnownFileType = image.png; path = "stop (1).png"; sourceTree = "<group>"; };
		70464ECF2349DF41003B0150 /* engagement-ring.png */ = {isa = PBXFileReference; lastKnownFileType = image.png; path = "engagement-ring.png"; sourceTree = "<group>"; };
		70464ED02349DF41003B0150 /* real-pixel2.png */ = {isa = PBXFileReference; lastKnownFileType = image.png; path = "real-pixel2.png"; sourceTree = "<group>"; };
		70464ED12349DF41003B0150 /* coin.png */ = {isa = PBXFileReference; lastKnownFileType = image.png; path = coin.png; sourceTree = "<group>"; };
		70464ED22349DF41003B0150 /* space-ship (1).png */ = {isa = PBXFileReference; lastKnownFileType = image.png; path = "space-ship (1).png"; sourceTree = "<group>"; };
		70464ED32349DF41003B0150 /* saturn.png */ = {isa = PBXFileReference; lastKnownFileType = image.png; path = saturn.png; sourceTree = "<group>"; };
		70464ED42349DF41003B0150 /* bullet (2).png */ = {isa = PBXFileReference; lastKnownFileType = image.png; path = "bullet (2).png"; sourceTree = "<group>"; };
		70464ED52349DF41003B0150 /* play-button.png */ = {isa = PBXFileReference; lastKnownFileType = image.png; path = "play-button.png"; sourceTree = "<group>"; };
		70464ED62349DF41003B0150 /* coin (1).png */ = {isa = PBXFileReference; lastKnownFileType = image.png; path = "coin (1).png"; sourceTree = "<group>"; };
		70464ED72349DF41003B0150 /* save.png */ = {isa = PBXFileReference; lastKnownFileType = image.png; path = save.png; sourceTree = "<group>"; };
		70464ED82349DF41003B0150 /* Red.png */ = {isa = PBXFileReference; lastKnownFileType = image.png; path = Red.png; sourceTree = "<group>"; };
		70464ED92349DF41003B0150 /* Purple.png */ = {isa = PBXFileReference; lastKnownFileType = image.png; path = Purple.png; sourceTree = "<group>"; };
		70464EDA2349DF41003B0150 /* ufo (7).png */ = {isa = PBXFileReference; lastKnownFileType = image.png; path = "ufo (7).png"; sourceTree = "<group>"; };
		70464EDB2349DF41003B0150 /* space-shuttle.png */ = {isa = PBXFileReference; lastKnownFileType = image.png; path = "space-shuttle.png"; sourceTree = "<group>"; };
/* End PBXFileReference section */

/* Begin PBXFrameworksBuildPhase section */
		0427934D1DB55969000045E0 /* Frameworks */ = {
			isa = PBXFrameworksBuildPhase;
			buildActionMask = 2147483647;
			files = (
			);
			runOnlyForDeploymentPostprocessing = 0;
		};
/* End PBXFrameworksBuildPhase section */

/* Begin PBXGroup section */
		042793471DB55969000045E0 = {
			isa = PBXGroup;
			children = (
				042793521DB55969000045E0 /* Space Shooter */,
				042793511DB55969000045E0 /* Products */,
			);
			sourceTree = "<group>";
		};
		042793511DB55969000045E0 /* Products */ = {
			isa = PBXGroup;
			children = (
				042793501DB55969000045E0 /* Space Shooter.app */,
			);
			name = Products;
			sourceTree = "<group>";
		};
		042793521DB55969000045E0 /* Space Shooter */ = {
			isa = PBXGroup;
			children = (
				042793531DB55969000045E0 /* AppDelegate.swift */,
				70464E742349DF41003B0150 /* Photo */,
				70464E732349DA60003B0150 /* File */,
				70464E542349D9B6003B0150 /* Space Shooter */,
				0427935D1DB55969000045E0 /* Main.storyboard */,
				70464E522349D945003B0150 /* Assets.xcassets */,
				042793621DB55969000045E0 /* LaunchScreen.storyboard */,
				042793651DB55969000045E0 /* Info.plist */,
			);
			path = "Space Shooter";
			sourceTree = "<group>";
		};
		70464E542349D9B6003B0150 /* Space Shooter */ = {
			isa = PBXGroup;
			children = (
				0427935B1DB55969000045E0 /* GameViewController.swift */,
				70464E572349D9D9003B0150 /* Game Scene.swift */,
				70464E552349D9C2003B0150 /* About.swift */,
				70464E592349D9F2003B0150 /* Main Menu.swift */,
				70464E5B2349DA06003B0150 /* Charectar.swift */,
				70464E5D2349DA1E003B0150 /* High Score.swift */,
				70464E5F2349DA35003B0150 /* Game Over.swift */,
			);
			path = "Space Shooter";
			sourceTree = "<group>";
		};
		70464E732349DA60003B0150 /* File */ = {
			isa = PBXGroup;
			children = (
				70464E612349DA5E003B0150 /* Actions.sks */,
				70464E622349DA5E003B0150 /* beep22.mp3 */,
				70464E662349DA5E003B0150 /* GameScene.sks */,
				70464E672349DA5E003B0150 /* MainPageBackGround.jpg */,
				70464E682349DA5E003B0150 /* MyParticleExplotion.sks */,
				70464E692349DA5E003B0150 /* MyParticleExplotion2.sks */,
				70464E632349DA5E003B0150 /* Octopus.png */,
				70464E642349DA5E003B0150 /* spark.png */,
				70464E652349DA5E003B0150 /* StarField.sks */,
			);
			path = File;
			sourceTree = "<group>";
		};
		70464E742349DF41003B0150 /* Photo */ = {
			isa = PBXGroup;
			children = (
				70464E752349DF41003B0150 /* uranus.png */,
				70464E762349DF41003B0150 /* bullet.png */,
				70464E772349DF41003B0150 /* mars (1).png */,
				70464E782349DF41003B0150 /* first-aid-kit.png */,
				70464E792349DF41003B0150 /* Teal.png */,
				70464E7A2349DF41003B0150 /* ufo (4).png */,
				70464E7B2349DF41003B0150 /* record.png */,
				70464E7C2349DF41003B0150 /* stop.png */,
				70464E7D2349DF41003B0150 /* battery.png */,
				70464E7E2349DF41003B0150 /* space-ship (2).png */,
				70464E7F2349DF41003B0150 /* bullet (1).png */,
				70464E802349DF41003B0150 /* flash.png */,
				70464E812349DF41003B0150 /* degres.png */,
				70464E822349DF41003B0150 /* ufo (8).png */,
				70464E832349DF41003B0150 /* satellite.png */,
				70464E842349DF41003B0150 /* battery (1).png */,
				70464E852349DF41003B0150 /* ir.hamraah.app.hamraah.dars.amn10.jpg */,
				70464E862349DF41003B0150 /* lander.png */,
				70464E872349DF41003B0150 /* planet-earth (1).png */,
				70464E882349DF41003B0150 /* gray.png */,
				70464E892349DF41003B0150 /* ufo (9).png */,
				70464E8A2349DF41003B0150 /* IMG_2016-11-06 19:31:21.jpg */,
				70464E8B2349DF41003B0150 /* planet.png */,
				70464E8C2349DF41003B0150 /* Lime.png */,
				70464E8D2349DF41003B0150 /* minuss.png */,
				70464E8E2349DF41003B0150 /* record (1).png */,
				70464E8F2349DF41003B0150 /* ufo (5).png */,
				70464E902349DF41003B0150 /* mars.png */,
				70464E912349DF41003B0150 /* jupiter.png */,
				70464E922349DF41003B0150 /* ir.hamraah.app.hamraah.dars.amn0.jpg */,
				70464E932349DF41003B0150 /* wheel.png */,
				70464E942349DF41003B0150 /* energy.png */,
				70464E952349DF41003B0150 /* electricity (1).png */,
				70464E962349DF41003B0150 /* christmas-present (1).png */,
				70464E972349DF41003B0150 /* categoryicon.png */,
				70464E982349DF41003B0150 /* rocket-ship.png */,
				70464E992349DF41003B0150 /* Blue.png */,
				70464E9A2349DF41003B0150 /* Stop_button_play_pause_music.png */,
				70464E9B2349DF41003B0150 /* ufo (2).png */,
				70464E9C2349DF41003B0150 /* rocket-ship (1).png */,
				70464E9D2349DF41003B0150 /* alien (2).png */,
				70464E9E2349DF41003B0150 /* ir.hamraah.app.hamraah.dars.amn2.jpg */,
				70464E9F2349DF41003B0150 /* chart3.png */,
				70464EA02349DF41003B0150 /* ufo (3).png */,
				70464EA12349DF41003B0150 /* home.png */,
				70464EA22349DF41003B0150 /* diamond (2).png */,
				70464EA32349DF41003B0150 /* pauseRec.png */,
				70464EA42349DF41003B0150 /* bullets.png */,
				70464EA52349DF41003B0150 /* ir.hamraah.app.hamraah.dars.amn7.jpg */,
				70464EA62349DF41003B0150 /* ir.hamraah.app.hamraah.dars.amn5.jpg */,
				70464EA72349DF41003B0150 /* engagement-ring (2).png */,
				70464EA82349DF41003B0150 /* Grape.png */,
				70464EA92349DF41003B0150 /* loss.png */,
				70464EAA2349DF41003B0150 /* audio512x512.png */,
				70464EAB2349DF41003B0150 /* solar-system.png */,
				70464EAC2349DF41003B0150 /* chart1.png */,
				70464EAD2349DF41003B0150 /* ir.hamraah.app.hamraah.dars.amn4.jpg */,
				70464EAE2349DF41003B0150 /* engagement-ring (1).png */,
				70464EAF2349DF41003B0150 /* Record_button_play_stop_music.png */,
				70464EB02349DF41003B0150 /* Orange.png */,
				70464EB12349DF41003B0150 /* moon.png */,
				70464EB22349DF41003B0150 /* IconCategory.png */,
				70464EB32349DF41003B0150 /* plus (1).png */,
				70464EB42349DF41003B0150 /* comet.png */,
				70464EB52349DF41003B0150 /* diamond (1).png */,
				70464EB62349DF41003B0150 /* Green.png */,
				70464EB72349DF41003B0150 /* bullet_red.png */,
				70464EB82349DF41003B0150 /* planet-earth.png */,
				70464EB92349DF41003B0150 /* error.png */,
				70464EBA2349DF41003B0150 /* shuffle.png */,
				70464EBB2349DF41003B0150 /* alien.png */,
				70464EBC2349DF41003B0150 /* pause.png */,
				70464EBD2349DF41003B0150 /* profits.png */,
				70464EBE2349DF41003B0150 /* ufo.png */,
				70464EBF2349DF41003B0150 /* planet (1).png */,
				70464EC02349DF41003B0150 /* alien (1).png */,
				70464EC12349DF41003B0150 /* ufo (1).png */,
				70464EC22349DF41003B0150 /* christmas-present.png */,
				70464EC32349DF41003B0150 /* space-ship.png */,
				70464EC42349DF41003B0150 /* electricity.png */,
				70464EC52349DF41003B0150 /* diamond.png */,
				70464EC62349DF41003B0150 /* IMG_2016-11-04 01:35:31.jpg */,
				70464EC72349DF41003B0150 /* ufo (6).png */,
				70464EC82349DF41003B0150 /* meteor.png */,
				70464EC92349DF41003B0150 /* crane.png */,
				70464ECA2349DF41003B0150 /* planet-earth (2).png */,
				70464ECB2349DF41003B0150 /* jupiter (1).png */,
				70464ECC2349DF41003B0150 /* rec.png */,
				70464ECD2349DF41003B0150 /* lander copy.png */,
				70464ECE2349DF41003B0150 /* stop (1).png */,
				70464ECF2349DF41003B0150 /* engagement-ring.png */,
				70464ED02349DF41003B0150 /* real-pixel2.png */,
				70464ED12349DF41003B0150 /* coin.png */,
				70464ED22349DF41003B0150 /* space-ship (1).png */,
				70464ED32349DF41003B0150 /* saturn.png */,
				70464ED42349DF41003B0150 /* bullet (2).png */,
				70464ED52349DF41003B0150 /* play-button.png */,
				70464ED62349DF41003B0150 /* coin (1).png */,
				70464ED72349DF41003B0150 /* save.png */,
				70464ED82349DF41003B0150 /* Red.png */,
				70464ED92349DF41003B0150 /* Purple.png */,
				70464EDA2349DF41003B0150 /* ufo (7).png */,
				70464EDB2349DF41003B0150 /* space-shuttle.png */,
			);
			path = Photo;
			sourceTree = "<group>";
		};
/* End PBXGroup section */

/* Begin PBXNativeTarget section */
		0427934F1DB55969000045E0 /* Space Shooter */ = {
			isa = PBXNativeTarget;
			buildConfigurationList = 042793681DB55969000045E0 /* Build configuration list for PBXNativeTarget "Space Shooter" */;
			buildPhases = (
				0427934C1DB55969000045E0 /* Sources */,
				0427934D1DB55969000045E0 /* Frameworks */,
				0427934E1DB55969000045E0 /* Resources */,
			);
			buildRules = (
			);
			dependencies = (
			);
			name = "Space Shooter";
			productName = "Space Shooter";
			productReference = 042793501DB55969000045E0 /* Space Shooter.app */;
			productType = "com.apple.product-type.application";
		};
/* End PBXNativeTarget section */

/* Begin PBXProject section */
		042793481DB55969000045E0 /* Project object */ = {
			isa = PBXProject;
			attributes = {
				LastSwiftUpdateCheck = 0800;
				LastUpgradeCheck = 1030;
				ORGANIZATIONNAME = Northitco;
				TargetAttributes = {
					0427934F1DB55969000045E0 = {
						CreatedOnToolsVersion = 8.0;
						DevelopmentTeam = VL7467LK5R;
						ProvisioningStyle = Automatic;
					};
				};
			};
			buildConfigurationList = 0427934B1DB55969000045E0 /* Build configuration list for PBXProject "Space Shooter" */;
			compatibilityVersion = "Xcode 3.2";
			developmentRegion = en;
			hasScannedForEncodings = 0;
			knownRegions = (
				en,
				Base,
			);
			mainGroup = 042793471DB55969000045E0;
			productRefGroup = 042793511DB55969000045E0 /* Products */;
			projectDirPath = "";
			projectRoot = "";
			targets = (
				0427934F1DB55969000045E0 /* Space Shooter */,
			);
		};
/* End PBXProject section */

/* Begin PBXResourcesBuildPhase section */
		0427934E1DB55969000045E0 /* Resources */ = {
			isa = PBXResourcesBuildPhase;
			buildActionMask = 2147483647;
			files = (
				70464F252349DF41003B0150 /* ufo.png in Resources */,
				70464EFD2349DF41003B0150 /* christmas-present (1).png in Resources */,
				0427935F1DB55969000045E0 /* Main.storyboard in Resources */,
				70464F2B2349DF41003B0150 /* electricity.png in Resources */,
				70464EED2349DF41003B0150 /* lander.png in Resources */,
				70464EE62349DF41003B0150 /* bullet (1).png in Resources */,
				70464F012349DF41003B0150 /* Stop_button_play_pause_music.png in Resources */,
				70464F062349DF41003B0150 /* chart3.png in Resources */,
				70464EE32349DF41003B0150 /* stop.png in Resources */,
				70464F2F2349DF41003B0150 /* meteor.png in Resources */,
				70464F302349DF41003B0150 /* crane.png in Resources */,
				70464EF52349DF41003B0150 /* record (1).png in Resources */,
				70464F0D2349DF41003B0150 /* ir.hamraah.app.hamraah.dars.amn5.jpg in Resources */,
				70464EE82349DF41003B0150 /* degres.png in Resources */,
				70464EF72349DF41003B0150 /* mars.png in Resources */,
				70464F112349DF41003B0150 /* audio512x512.png in Resources */,
				70464EDD2349DF41003B0150 /* bullet.png in Resources */,
				70464F402349DF41003B0150 /* Purple.png in Resources */,
				70464F362349DF41003B0150 /* engagement-ring.png in Resources */,
				70464F3D2349DF41003B0150 /* coin (1).png in Resources */,
				70464F1D2349DF41003B0150 /* Green.png in Resources */,
				70464F1C2349DF41003B0150 /* diamond (1).png in Resources */,
				70464F262349DF41003B0150 /* planet (1).png in Resources */,
				70464E722349DA5E003B0150 /* MyParticleExplotion2.sks in Resources */,
				70464E6C2349DA5E003B0150 /* Octopus.png in Resources */,
				70464F2D2349DF41003B0150 /* IMG_2016-11-04 01:35:31.jpg in Resources */,
				70464F0B2349DF41003B0150 /* bullets.png in Resources */,
				70464EEE2349DF41003B0150 /* planet-earth (1).png in Resources */,
				70464F172349DF41003B0150 /* Orange.png in Resources */,
				70464E6E2349DA5E003B0150 /* StarField.sks in Resources */,
				70464EF12349DF41003B0150 /* IMG_2016-11-06 19:31:21.jpg in Resources */,
				70464F192349DF41003B0150 /* IconCategory.png in Resources */,
				70464F3C2349DF41003B0150 /* play-button.png in Resources */,
				70464EE12349DF41003B0150 /* ufo (4).png in Resources */,
				70464EFC2349DF41003B0150 /* electricity (1).png in Resources */,
				70464F032349DF41003B0150 /* rocket-ship (1).png in Resources */,
				70464EE92349DF41003B0150 /* ufo (8).png in Resources */,
				70464F0C2349DF41003B0150 /* ir.hamraah.app.hamraah.dars.amn7.jpg in Resources */,
				70464EFB2349DF41003B0150 /* energy.png in Resources */,
				70464EE42349DF41003B0150 /* battery.png in Resources */,
				70464F052349DF41003B0150 /* ir.hamraah.app.hamraah.dars.amn2.jpg in Resources */,
				70464F392349DF41003B0150 /* space-ship (1).png in Resources */,
				70464F1A2349DF41003B0150 /* plus (1).png in Resources */,
				70464E712349DA5E003B0150 /* MyParticleExplotion.sks in Resources */,
				70464F272349DF41003B0150 /* alien (1).png in Resources */,
				70464F382349DF41003B0150 /* coin.png in Resources */,
				70464EFA2349DF41003B0150 /* wheel.png in Resources */,
				70464F0A2349DF41003B0150 /* pauseRec.png in Resources */,
				70464EF42349DF41003B0150 /* minuss.png in Resources */,
				70464EF62349DF41003B0150 /* ufo (5).png in Resources */,
				70464F332349DF41003B0150 /* rec.png in Resources */,
				70464F002349DF41003B0150 /* Blue.png in Resources */,
				70464F232349DF41003B0150 /* pause.png in Resources */,
				70464EEF2349DF41003B0150 /* gray.png in Resources */,
				70464F182349DF41003B0150 /* moon.png in Resources */,
				70464F022349DF41003B0150 /* ufo (2).png in Resources */,
				70464E702349DA5E003B0150 /* MainPageBackGround.jpg in Resources */,
				70464F142349DF41003B0150 /* ir.hamraah.app.hamraah.dars.amn4.jpg in Resources */,
				70464EDC2349DF41003B0150 /* uranus.png in Resources */,
				70464EF32349DF41003B0150 /* Lime.png in Resources */,
				70464F372349DF41003B0150 /* real-pixel2.png in Resources */,
				70464F282349DF41003B0150 /* ufo (1).png in Resources */,
				70464F1E2349DF41003B0150 /* bullet_red.png in Resources */,
				70464F092349DF41003B0150 /* diamond (2).png in Resources */,
				70464F352349DF41003B0150 /* stop (1).png in Resources */,
				70464EF82349DF41003B0150 /* jupiter.png in Resources */,
				70464EF02349DF41003B0150 /* ufo (9).png in Resources */,
				70464EE02349DF41003B0150 /* Teal.png in Resources */,
				70464EEB2349DF41003B0150 /* battery (1).png in Resources */,
				70464F1B2349DF41003B0150 /* comet.png in Resources */,
				70464F3F2349DF41003B0150 /* Red.png in Resources */,
				70464F122349DF41003B0150 /* solar-system.png in Resources */,
				70464F3B2349DF41003B0150 /* bullet (2).png in Resources */,
				70464EEC2349DF41003B0150 /* ir.hamraah.app.hamraah.dars.amn10.jpg in Resources */,
				70464F0F2349DF41003B0150 /* Grape.png in Resources */,
				70464F212349DF41003B0150 /* shuffle.png in Resources */,
				70464EFE2349DF41003B0150 /* categoryicon.png in Resources */,
				70464F2C2349DF41003B0150 /* diamond.png in Resources */,
				70464F312349DF41003B0150 /* planet-earth (2).png in Resources */,
				70464F1F2349DF41003B0150 /* planet-earth.png in Resources */,
				70464F3A2349DF41003B0150 /* saturn.png in Resources */,
				70464E532349D945003B0150 /* Assets.xcassets in Resources */,
				70464F292349DF41003B0150 /* christmas-present.png in Resources */,
				70464E6D2349DA5E003B0150 /* spark.png in Resources */,
				70464F202349DF41003B0150 /* error.png in Resources */,
				70464EE22349DF41003B0150 /* record.png in Resources */,
				70464F242349DF41003B0150 /* profits.png in Resources */,
				70464F222349DF41003B0150 /* alien.png in Resources */,
				042793641DB55969000045E0 /* LaunchScreen.storyboard in Resources */,
				70464E6A2349DA5E003B0150 /* Actions.sks in Resources */,
				70464F0E2349DF41003B0150 /* engagement-ring (2).png in Resources */,
				70464EF92349DF41003B0150 /* ir.hamraah.app.hamraah.dars.amn0.jpg in Resources */,
				70464F422349DF41003B0150 /* space-shuttle.png in Resources */,
				70464F412349DF41003B0150 /* ufo (7).png in Resources */,
				70464EE72349DF41003B0150 /* flash.png in Resources */,
				70464F2A2349DF41003B0150 /* space-ship.png in Resources */,
				70464EDF2349DF41003B0150 /* first-aid-kit.png in Resources */,
				70464F132349DF41003B0150 /* chart1.png in Resources */,
				70464F042349DF41003B0150 /* alien (2).png in Resources */,
				70464F2E2349DF41003B0150 /* ufo (6).png in Resources */,
				70464EEA2349DF41003B0150 /* satellite.png in Resources */,
				70464E6F2349DA5E003B0150 /* GameScene.sks in Resources */,
				70464F082349DF41003B0150 /* home.png in Resources */,
				70464EFF2349DF41003B0150 /* rocket-ship.png in Resources */,
				70464F342349DF41003B0150 /* lander copy.png in Resources */,
				70464F322349DF41003B0150 /* jupiter (1).png in Resources */,
				70464EF22349DF41003B0150 /* planet.png in Resources */,
				70464F152349DF41003B0150 /* engagement-ring (1).png in Resources */,
				70464F3E2349DF41003B0150 /* save.png in Resources */,
				70464F162349DF41003B0150 /* Record_button_play_stop_music.png in Resources */,
				70464F072349DF41003B0150 /* ufo (3).png in Resources */,
				70464F102349DF41003B0150 /* loss.png in Resources */,
				70464E6B2349DA5E003B0150 /* beep22.mp3 in Resources */,
				70464EDE2349DF41003B0150 /* mars (1).png in Resources */,
				70464EE52349DF41003B0150 /* space-ship (2).png in Resources */,
			);
			runOnlyForDeploymentPostprocessing = 0;
		};
/* End PBXResourcesBuildPhase section */

/* Begin PBXSourcesBuildPhase section */
		0427934C1DB55969000045E0 /* Sources */ = {
			isa = PBXSourcesBuildPhase;
			buildActionMask = 2147483647;
			files = (
				70464E5C2349DA06003B0150 /* Charectar.swift in Sources */,
				70464E5A2349D9F2003B0150 /* Main Menu.swift in Sources */,
				70464E602349DA35003B0150 /* Game Over.swift in Sources */,
				70464E582349D9D9003B0150 /* Game Scene.swift in Sources */,
				70464E562349D9C2003B0150 /* About.swift in Sources */,
				0427935C1DB55969000045E0 /* GameViewController.swift in Sources */,
				042793541DB55969000045E0 /* AppDelegate.swift in Sources */,
				70464E5E2349DA1E003B0150 /* High Score.swift in Sources */,
			);
			runOnlyForDeploymentPostprocessing = 0;
		};
/* End PBXSourcesBuildPhase section */

/* Begin PBXVariantGroup section */
		0427935D1DB55969000045E0 /* Main.storyboard */ = {
			isa = PBXVariantGroup;
			children = (
				0427935E1DB55969000045E0 /* Base */,
			);
			name = Main.storyboard;
			sourceTree = "<group>";
		};
		042793621DB55969000045E0 /* LaunchScreen.storyboard */ = {
			isa = PBXVariantGroup;
			children = (
				042793631DB55969000045E0 /* Base */,
			);
			name = LaunchScreen.storyboard;
			sourceTree = "<group>";
		};
/* End PBXVariantGroup section */

/* Begin XCBuildConfiguration section */
		042793661DB55969000045E0 /* Debug */ = {
			isa = XCBuildConfiguration;
			buildSettings = {
				ALWAYS_SEARCH_USER_PATHS = NO;
				CLANG_ANALYZER_NONNULL = YES;
				CLANG_CXX_LANGUAGE_STANDARD = "gnu++0x";
				CLANG_CXX_LIBRARY = "libc++";
				CLANG_ENABLE_MODULES = YES;
				CLANG_ENABLE_OBJC_ARC = YES;
				CLANG_WARN_BLOCK_CAPTURE_AUTORELEASING = YES;
				CLANG_WARN_BOOL_CONVERSION = YES;
				CLANG_WARN_COMMA = YES;
				CLANG_WARN_CONSTANT_CONVERSION = YES;
				CLANG_WARN_DEPRECATED_OBJC_IMPLEMENTATIONS = YES;
				CLANG_WARN_DIRECT_OBJC_ISA_USAGE = YES_ERROR;
				CLANG_WARN_DOCUMENTATION_COMMENTS = YES;
				CLANG_WARN_EMPTY_BODY = YES;
				CLANG_WARN_ENUM_CONVERSION = YES;
				CLANG_WARN_INFINITE_RECURSION = YES;
				CLANG_WARN_INT_CONVERSION = YES;
				CLANG_WARN_NON_LITERAL_NULL_CONVERSION = YES;
				CLANG_WARN_OBJC_IMPLICIT_RETAIN_SELF = YES;
				CLANG_WARN_OBJC_LITERAL_CONVERSION = YES;
				CLANG_WARN_OBJC_ROOT_CLASS = YES_ERROR;
				CLANG_WARN_RANGE_LOOP_ANALYSIS = YES;
				CLANG_WARN_STRICT_PROTOTYPES = YES;
				CLANG_WARN_SUSPICIOUS_MOVE = YES;
				CLANG_WARN_SUSPICIOUS_MOVES = YES;
				CLANG_WARN_UNREACHABLE_CODE = YES;
				CLANG_WARN__DUPLICATE_METHOD_MATCH = YES;
				"CODE_SIGN_IDENTITY[sdk=iphoneos*]" = "iPhone Developer";
				COPY_PHASE_STRIP = NO;
				DEBUG_INFORMATION_FORMAT = dwarf;
				ENABLE_STRICT_OBJC_MSGSEND = YES;
				ENABLE_TESTABILITY = YES;
				GCC_C_LANGUAGE_STANDARD = gnu99;
				GCC_DYNAMIC_NO_PIC = NO;
				GCC_NO_COMMON_BLOCKS = YES;
				GCC_OPTIMIZATION_LEVEL = 0;
				GCC_PREPROCESSOR_DEFINITIONS = (
					"DEBUG=1",
					"$(inherited)",
				);
				GCC_WARN_64_TO_32_BIT_CONVERSION = YES;
				GCC_WARN_ABOUT_RETURN_TYPE = YES_ERROR;
				GCC_WARN_UNDECLARED_SELECTOR = YES;
				GCC_WARN_UNINITIALIZED_AUTOS = YES_AGGRESSIVE;
				GCC_WARN_UNUSED_FUNCTION = YES;
				GCC_WARN_UNUSED_VARIABLE = YES;
				IPHONEOS_DEPLOYMENT_TARGET = 10.0;
				MTL_ENABLE_DEBUG_INFO = YES;
				ONLY_ACTIVE_ARCH = YES;
				SDKROOT = iphoneos;
				SWIFT_ACTIVE_COMPILATION_CONDITIONS = DEBUG;
				SWIFT_OPTIMIZATION_LEVEL = "-Onone";
				TARGETED_DEVICE_FAMILY = "1,2";
			};
			name = Debug;
		};
		042793671DB55969000045E0 /* Release */ = {
			isa = XCBuildConfiguration;
			buildSettings = {
				ALWAYS_SEARCH_USER_PATHS = NO;
				CLANG_ANALYZER_NONNULL = YES;
				CLANG_CXX_LANGUAGE_STANDARD = "gnu++0x";
				CLANG_CXX_LIBRARY = "libc++";
				CLANG_ENABLE_MODULES = YES;
				CLANG_ENABLE_OBJC_ARC = YES;
				CLANG_WARN_BLOCK_CAPTURE_AUTORELEASING = YES;
				CLANG_WARN_BOOL_CONVERSION = YES;
				CLANG_WARN_COMMA = YES;
				CLANG_WARN_CONSTANT_CONVERSION = YES;
				CLANG_WARN_DEPRECATED_OBJC_IMPLEMENTATIONS = YES;
				CLANG_WARN_DIRECT_OBJC_ISA_USAGE = YES_ERROR;
				CLANG_WARN_DOCUMENTATION_COMMENTS = YES;
				CLANG_WARN_EMPTY_BODY = YES;
				CLANG_WARN_ENUM_CONVERSION = YES;
				CLANG_WARN_INFINITE_RECURSION = YES;
				CLANG_WARN_INT_CONVERSION = YES;
				CLANG_WARN_NON_LITERAL_NULL_CONVERSION = YES;
				CLANG_WARN_OBJC_IMPLICIT_RETAIN_SELF = YES;
				CLANG_WARN_OBJC_LITERAL_CONVERSION = YES;
				CLANG_WARN_OBJC_ROOT_CLASS = YES_ERROR;
				CLANG_WARN_RANGE_LOOP_ANALYSIS = YES;
				CLANG_WARN_STRICT_PROTOTYPES = YES;
				CLANG_WARN_SUSPICIOUS_MOVE = YES;
				CLANG_WARN_SUSPICIOUS_MOVES = YES;
				CLANG_WARN_UNREACHABLE_CODE = YES;
				CLANG_WARN__DUPLICATE_METHOD_MATCH = YES;
				"CODE_SIGN_IDENTITY[sdk=iphoneos*]" = "iPhone Developer";
				COPY_PHASE_STRIP = NO;
				DEBUG_INFORMATION_FORMAT = "dwarf-with-dsym";
				ENABLE_NS_ASSERTIONS = NO;
				ENABLE_STRICT_OBJC_MSGSEND = YES;
				GCC_C_LANGUAGE_STANDARD = gnu99;
				GCC_NO_COMMON_BLOCKS = YES;
				GCC_WARN_64_TO_32_BIT_CONVERSION = YES;
				GCC_WARN_ABOUT_RETURN_TYPE = YES_ERROR;
				GCC_WARN_UNDECLARED_SELECTOR = YES;
				GCC_WARN_UNINITIALIZED_AUTOS = YES_AGGRESSIVE;
				GCC_WARN_UNUSED_FUNCTION = YES;
				GCC_WARN_UNUSED_VARIABLE = YES;
				IPHONEOS_DEPLOYMENT_TARGET = 10.0;
				MTL_ENABLE_DEBUG_INFO = NO;
				SDKROOT = iphoneos;
				SWIFT_OPTIMIZATION_LEVEL = "-Owholemodule";
				TARGETED_DEVICE_FAMILY = "1,2";
				VALIDATE_PRODUCT = YES;
			};
			name = Release;
		};
		042793691DB55969000045E0 /* Debug */ = {
			isa = XCBuildConfiguration;
			buildSettings = {
				ASSETCATALOG_COMPILER_APPICON_NAME = AppIcon;
				DEVELOPMENT_TEAM = VL7467LK5R;
				INFOPLIST_FILE = "Space Shooter/Info.plist";
				LD_RUNPATH_SEARCH_PATHS = "$(inherited) @executable_path/Frameworks";
				PRODUCT_BUNDLE_IDENTIFIER = "com.northitco.SpaceShooter.Space-Shooter";
				PRODUCT_NAME = "$(TARGET_NAME)";
				SWIFT_VERSION = 4.0;
			};
			name = Debug;
		};
		0427936A1DB55969000045E0 /* Release */ = {
			isa = XCBuildConfiguration;
			buildSettings = {
				ASSETCATALOG_COMPILER_APPICON_NAME = AppIcon;
				DEVELOPMENT_TEAM = VL7467LK5R;
				INFOPLIST_FILE = "Space Shooter/Info.plist";
				LD_RUNPATH_SEARCH_PATHS = "$(inherited) @executable_path/Frameworks";
				PRODUCT_BUNDLE_IDENTIFIER = "com.northitco.SpaceShooter.Space-Shooter";
				PRODUCT_NAME = "$(TARGET_NAME)";
				SWIFT_VERSION = 4.0;
			};
			name = Release;
		};
/* End XCBuildConfiguration section */

/* Begin XCConfigurationList section */
		0427934B1DB55969000045E0 /* Build configuration list for PBXProject "Space Shooter" */ = {
			isa = XCConfigurationList;
			buildConfigurations = (
				042793661DB55969000045E0 /* Debug */,
				042793671DB55969000045E0 /* Release */,
			);
			defaultConfigurationIsVisible = 0;
			defaultConfigurationName = Release;
		};
		042793681DB55969000045E0 /* Build configuration list for PBXNativeTarget "Space Shooter" */ = {
			isa = XCConfigurationList;
			buildConfigurations = (
				042793691DB55969000045E0 /* Debug */,
				0427936A1DB55969000045E0 /* Release */,
			);
			defaultConfigurationIsVisible = 0;
			defaultConfigurationName = Release;
		};
/* End XCConfigurationList section */
	};
	rootObject = 042793481DB55969000045E0 /* Project object */;
}
